// !$*UTF8*$!
{
	archiveVersion = 1;
	classes = {
	};
	objectVersion = 46;
	objects = {

/* Begin PBXBuildFile section */
		84F290BE1D22084600061A8B /* main.m in Sources */ = {isa = PBXBuildFile; fileRef = 84F290BD1D22084600061A8B /* main.m */; };
		84F290C11D22084600061A8B /* AppDelegate.m in Sources */ = {isa = PBXBuildFile; fileRef = 84F290C01D22084600061A8B /* AppDelegate.m */; };
		84F290C41D22084600061A8B /* ViewController.m in Sources */ = {isa = PBXBuildFile; fileRef = 84F290C31D22084600061A8B /* ViewController.m */; };
		84F290C71D22084600061A8B /* Main.storyboard in Resources */ = {isa = PBXBuildFile; fileRef = 84F290C51D22084600061A8B /* Main.storyboard */; };
		84F290C91D22084600061A8B /* Assets.xcassets in Resources */ = {isa = PBXBuildFile; fileRef = 84F290C81D22084600061A8B /* Assets.xcassets */; };
		84F290CC1D22084600061A8B /* LaunchScreen.storyboard in Resources */ = {isa = PBXBuildFile; fileRef = 84F290CA1D22084600061A8B /* LaunchScreen.storyboard */; };
		84F290D71D22084700061A8B /* _Tests.m in Sources */ = {isa = PBXBuildFile; fileRef = 84F290D61D22084700061A8B /* _Tests.m */; };
		84F290E21D22084700061A8B /* _UITests.m in Sources */ = {isa = PBXBuildFile; fileRef = 84F290E11D22084700061A8B /* _UITests.m */; };
		84F290F11D22089200061A8B /* RotationView.m in Sources */ = {isa = PBXBuildFile; fileRef = 84F290F01D22089200061A8B /* RotationView.m */; };
		84F290F31D220B4A00061A8B /* 5.png in Resources */ = {isa = PBXBuildFile; fileRef = 84F290F21D220B4A00061A8B /* 5.png */; };
		84F290F61D22250700061A8B /* LoadHUDView.m in Sources */ = {isa = PBXBuildFile; fileRef = 84F290F51D22250700061A8B /* LoadHUDView.m */; };
/* End PBXBuildFile section */

/* Begin PBXContainerItemProxy section */
		84F290D31D22084700061A8B /* PBXContainerItemProxy */ = {
			isa = PBXContainerItemProxy;
			containerPortal = 84F290B11D22084600061A8B /* Project object */;
			proxyType = 1;
			remoteGlobalIDString = 84F290B81D22084600061A8B;
			remoteInfo = "转";
		};
		84F290DE1D22084700061A8B /* PBXContainerItemProxy */ = {
			isa = PBXContainerItemProxy;
			containerPortal = 84F290B11D22084600061A8B /* Project object */;
			proxyType = 1;
			remoteGlobalIDString = 84F290B81D22084600061A8B;
			remoteInfo = "转";
		};
/* End PBXContainerItemProxy section */

/* Begin PBXFileReference section */
		84F290B91D22084600061A8B /* 转.app */ = {isa = PBXFileReference; explicitFileType = wrapper.application; includeInIndex = 0; path = "转.app"; sourceTree = BUILT_PRODUCTS_DIR; };
		84F290BD1D22084600061A8B /* main.m */ = {isa = PBXFileReference; lastKnownFileType = sourcecode.c.objc; path = main.m; sourceTree = "<group>"; };
		84F290BF1D22084600061A8B /* AppDelegate.h */ = {isa = PBXFileReference; lastKnownFileType = sourcecode.c.h; path = AppDelegate.h; sourceTree = "<group>"; };
		84F290C01D22084600061A8B /* AppDelegate.m */ = {isa = PBXFileReference; lastKnownFileType = sourcecode.c.objc; path = AppDelegate.m; sourceTree = "<group>"; };
		84F290C21D22084600061A8B /* ViewController.h */ = {isa = PBXFileReference; lastKnownFileType = sourcecode.c.h; path = ViewController.h; sourceTree = "<group>"; };
		84F290C31D22084600061A8B /* ViewController.m */ = {isa = PBXFileReference; lastKnownFileType = sourcecode.c.objc; path = ViewController.m; sourceTree = "<group>"; };
		84F290C61D22084600061A8B /* Base */ = {isa = PBXFileReference; lastKnownFileType = file.storyboard; name = Base; path = Base.lproj/Main.storyboard; sourceTree = "<group>"; };
		84F290C81D22084600061A8B /* Assets.xcassets */ = {isa = PBXFileReference; lastKnownFileType = folder.assetcatalog; path = Assets.xcassets; sourceTree = "<group>"; };
		84F290CB1D22084600061A8B /* Base */ = {isa = PBXFileReference; lastKnownFileType = file.storyboard; name = Base; path = Base.lproj/LaunchScreen.storyboard; sourceTree = "<group>"; };
		84F290CD1D22084600061A8B /* Info.plist */ = {isa = PBXFileReference; lastKnownFileType = text.plist.xml; path = Info.plist; sourceTree = "<group>"; };
		84F290D21D22084700061A8B /* 转Tests.xctest */ = {isa = PBXFileReference; explicitFileType = wrapper.cfbundle; includeInIndex = 0; path = "转Tests.xctest"; sourceTree = BUILT_PRODUCTS_DIR; };
		84F290D61D22084700061A8B /* _Tests.m */ = {isa = PBXFileReference; lastKnownFileType = sourcecode.c.objc; path = _Tests.m; sourceTree = "<group>"; };
		84F290D81D22084700061A8B /* Info.plist */ = {isa = PBXFileReference; lastKnownFileType = text.plist.xml; path = Info.plist; sourceTree = "<group>"; };
		84F290DD1D22084700061A8B /* 转UITests.xctest */ = {isa = PBXFileReference; explicitFileType = wrapper.cfbundle; includeInIndex = 0; path = "转UITests.xctest"; sourceTree = BUILT_PRODUCTS_DIR; };
		84F290E11D22084700061A8B /* _UITests.m */ = {isa = PBXFileReference; lastKnownFileType = sourcecode.c.objc; path = _UITests.m; sourceTree = "<group>"; };
		84F290E31D22084700061A8B /* Info.plist */ = {isa = PBXFileReference; lastKnownFileType = text.plist.xml; path = Info.plist; sourceTree = "<group>"; };
		84F290EF1D22089200061A8B /* RotationView.h */ = {isa = PBXFileReference; fileEncoding = 4; lastKnownFileType = sourcecode.c.h; path = RotationView.h; sourceTree = "<group>"; };
		84F290F01D22089200061A8B /* RotationView.m */ = {isa = PBXFileReference; fileEncoding = 4; lastKnownFileType = sourcecode.c.objc; path = RotationView.m; sourceTree = "<group>"; };
		84F290F21D220B4A00061A8B /* 5.png */ = {isa = PBXFileReference; lastKnownFileType = image.png; path = 5.png; sourceTree = "<group>"; };
		84F290F41D22250700061A8B /* LoadHUDView.h */ = {isa = PBXFileReference; fileEncoding = 4; lastKnownFileType = sourcecode.c.h; path = LoadHUDView.h; sourceTree = "<group>"; };
		84F290F51D22250700061A8B /* LoadHUDView.m */ = {isa = PBXFileReference; fileEncoding = 4; lastKnownFileType = sourcecode.c.objc; path = LoadHUDView.m; sourceTree = "<group>"; };
/* End PBXFileReference section */

/* Begin PBXFrameworksBuildPhase section */
		84F290B61D22084600061A8B /* Frameworks */ = {
			isa = PBXFrameworksBuildPhase;
			buildActionMask = 2147483647;
			files = (
			);
			runOnlyForDeploymentPostprocessing = 0;
		};
		84F290CF1D22084700061A8B /* Frameworks */ = {
			isa = PBXFrameworksBuildPhase;
			buildActionMask = 2147483647;
			files = (
			);
			runOnlyForDeploymentPostprocessing = 0;
		};
		84F290DA1D22084700061A8B /* Frameworks */ = {
			isa = PBXFrameworksBuildPhase;
			buildActionMask = 2147483647;
			files = (
			);
			runOnlyForDeploymentPostprocessing = 0;
		};
/* End PBXFrameworksBuildPhase section */

/* Begin PBXGroup section */
		84F290B01D22084600061A8B = {
			isa = PBXGroup;
			children = (
				84F290BB1D22084600061A8B /* 转 */,
				84F290D51D22084700061A8B /* 转Tests */,
				84F290E01D22084700061A8B /* 转UITests */,
				84F290BA1D22084600061A8B /* Products */,
			);
			sourceTree = "<group>";
		};
		84F290BA1D22084600061A8B /* Products */ = {
			isa = PBXGroup;
			children = (
				84F290B91D22084600061A8B /* 转.app */,
				84F290D21D22084700061A8B /* 转Tests.xctest */,
				84F290DD1D22084700061A8B /* 转UITests.xctest */,
			);
			name = Products;
			sourceTree = "<group>";
		};
		84F290BB1D22084600061A8B /* 转 */ = {
			isa = PBXGroup;
			children = (
				84F290BF1D22084600061A8B /* AppDelegate.h */,
				84F290C01D22084600061A8B /* AppDelegate.m */,
				84F290C21D22084600061A8B /* ViewController.h */,
				84F290C31D22084600061A8B /* ViewController.m */,
				84F290EF1D22089200061A8B /* RotationView.h */,
				84F290F01D22089200061A8B /* RotationView.m */,
				84F290F41D22250700061A8B /* LoadHUDView.h */,
				84F290F51D22250700061A8B /* LoadHUDView.m */,
				84F290F21D220B4A00061A8B /* 5.png */,
				84F290C51D22084600061A8B /* Main.storyboard */,
				84F290C81D22084600061A8B /* Assets.xcassets */,
				84F290CA1D22084600061A8B /* LaunchScreen.storyboard */,
				84F290CD1D22084600061A8B /* Info.plist */,
				84F290BC1D22084600061A8B /* Supporting Files */,
			);
			path = "转";
			sourceTree = "<group>";
		};
		84F290BC1D22084600061A8B /* Supporting Files */ = {
			isa = PBXGroup;
			children = (
				84F290BD1D22084600061A8B /* main.m */,
			);
			name = "Supporting Files";
			sourceTree = "<group>";
		};
		84F290D51D22084700061A8B /* 转Tests */ = {
			isa = PBXGroup;
			children = (
				84F290D61D22084700061A8B /* _Tests.m */,
				84F290D81D22084700061A8B /* Info.plist */,
			);
			path = "转Tests";
			sourceTree = "<group>";
		};
		84F290E01D22084700061A8B /* 转UITests */ = {
			isa = PBXGroup;
			children = (
				84F290E11D22084700061A8B /* _UITests.m */,
				84F290E31D22084700061A8B /* Info.plist */,
			);
			path = "转UITests";
			sourceTree = "<group>";
		};
/* End PBXGroup section */

/* Begin PBXNativeTarget section */
		84F290B81D22084600061A8B /* 转 */ = {
			isa = PBXNativeTarget;
			buildConfigurationList = 84F290E61D22084700061A8B /* Build configuration list for PBXNativeTarget "转" */;
			buildPhases = (
				84F290B51D22084600061A8B /* Sources */,
				84F290B61D22084600061A8B /* Frameworks */,
				84F290B71D22084600061A8B /* Resources */,
			);
			buildRules = (
			);
			dependencies = (
			);
			name = "转";
			productName = "转";
			productReference = 84F290B91D22084600061A8B /* 转.app */;
			productType = "com.apple.product-type.application";
		};
		84F290D11D22084700061A8B /* 转Tests */ = {
			isa = PBXNativeTarget;
			buildConfigurationList = 84F290E91D22084700061A8B /* Build configuration list for PBXNativeTarget "转Tests" */;
			buildPhases = (
				84F290CE1D22084700061A8B /* Sources */,
				84F290CF1D22084700061A8B /* Frameworks */,
				84F290D01D22084700061A8B /* Resources */,
			);
			buildRules = (
			);
			dependencies = (
				84F290D41D22084700061A8B /* PBXTargetDependency */,
			);
			name = "转Tests";
			productName = "转Tests";
			productReference = 84F290D21D22084700061A8B /* 转Tests.xctest */;
			productType = "com.apple.product-type.bundle.unit-test";
		};
		84F290DC1D22084700061A8B /* 转UITests */ = {
			isa = PBXNativeTarget;
			buildConfigurationList = 84F290EC1D22084700061A8B /* Build configuration list for PBXNativeTarget "转UITests" */;
			buildPhases = (
				84F290D91D22084700061A8B /* Sources */,
				84F290DA1D22084700061A8B /* Frameworks */,
				84F290DB1D22084700061A8B /* Resources */,
			);
			buildRules = (
			);
			dependencies = (
				84F290DF1D22084700061A8B /* PBXTargetDependency */,
			);
			name = "转UITests";
			productName = "转UITests";
			productReference = 84F290DD1D22084700061A8B /* 转UITests.xctest */;
			productType = "com.apple.product-type.bundle.ui-testing";
		};
/* End PBXNativeTarget section */

/* Begin PBXProject section */
		84F290B11D22084600061A8B /* Project object */ = {
			isa = PBXProject;
			attributes = {
				LastUpgradeCheck = 0730;
				ORGANIZATIONNAME = LaiCunBa;
				TargetAttributes = {
					84F290B81D22084600061A8B = {
						CreatedOnToolsVersion = 7.3;
					};
					84F290D11D22084700061A8B = {
						CreatedOnToolsVersion = 7.3;
						TestTargetID = 84F290B81D22084600061A8B;
					};
					84F290DC1D22084700061A8B = {
						CreatedOnToolsVersion = 7.3;
						TestTargetID = 84F290B81D22084600061A8B;
					};
				};
			};
			buildConfigurationList = 84F290B41D22084600061A8B /* Build configuration list for PBXProject "转" */;
			compatibilityVersion = "Xcode 3.2";
			developmentRegion = English;
			hasScannedForEncodings = 0;
			knownRegions = (
				en,
				Base,
			);
			mainGroup = 84F290B01D22084600061A8B;
			productRefGroup = 84F290BA1D22084600061A8B /* Products */;
			projectDirPath = "";
			projectRoot = "";
			targets = (
				84F290B81D22084600061A8B /* 转 */,
				84F290D11D22084700061A8B /* 转Tests */,
				84F290DC1D22084700061A8B /* 转UITests */,
			);
		};
/* End PBXProject section */

/* Begin PBXResourcesBuildPhase section */
		84F290B71D22084600061A8B /* Resources */ = {
			isa = PBXResourcesBuildPhase;
			buildActionMask = 2147483647;
			files = (
				84F290CC1D22084600061A8B /* LaunchScreen.storyboard in Resources */,
				84F290F31D220B4A00061A8B /* 5.png in Resources */,
				84F290C91D22084600061A8B /* Assets.xcassets in Resources */,
				84F290C71D22084600061A8B /* Main.storyboard in Resources */,
			);
			runOnlyForDeploymentPostprocessing = 0;
		};
		84F290D01D22084700061A8B /* Resources */ = {
			isa = PBXResourcesBuildPhase;
			buildActionMask = 2147483647;
			files = (
			);
			runOnlyForDeploymentPostprocessing = 0;
		};
		84F290DB1D22084700061A8B /* Resources */ = {
			isa = PBXResourcesBuildPhase;
			buildActionMask = 2147483647;
			files = (
			);
			runOnlyForDeploymentPostprocessing = 0;
		};
/* End PBXResourcesBuildPhase section */

/* Begin PBXSourcesBuildPhase section */
		84F290B51D22084600061A8B /* Sources */ = {
			isa = PBXSourcesBuildPhase;
			buildActionMask = 2147483647;
			files = (
				84F290F61D22250700061A8B /* LoadHUDView.m in Sources */,
				84F290F11D22089200061A8B /* RotationView.m in Sources */,
				84F290C41D22084600061A8B /* ViewController.m in Sources */,
				84F290C11D22084600061A8B /* AppDelegate.m in Sources */,
				84F290BE1D22084600061A8B /* main.m in Sources */,
			);
			runOnlyForDeploymentPostprocessing = 0;
		};
		84F290CE1D22084700061A8B /* Sources */ = {
			isa = PBXSourcesBuildPhase;
			buildActionMask = 2147483647;
			files = (
				84F290D71D22084700061A8B /* _Tests.m in Sources */,
			);
			runOnlyForDeploymentPostprocessing = 0;
		};
		84F290D91D22084700061A8B /* Sources */ = {
			isa = PBXSourcesBuildPhase;
			buildActionMask = 2147483647;
			files = (
				84F290E21D22084700061A8B /* _UITests.m in Sources */,
			);
			runOnlyForDeploymentPostprocessing = 0;
		};
/* End PBXSourcesBuildPhase section */

/* Begin PBXTargetDependency section */
		84F290D41D22084700061A8B /* PBXTargetDependency */ = {
			isa = PBXTargetDependency;
			target = 84F290B81D22084600061A8B /* 转 */;
			targetProxy = 84F290D31D22084700061A8B /* PBXContainerItemProxy */;
		};
		84F290DF1D22084700061A8B /* PBXTargetDependency */ = {
			isa = PBXTargetDependency;
			target = 84F290B81D22084600061A8B /* 转 */;
			targetProxy = 84F290DE1D22084700061A8B /* PBXContainerItemProxy */;
		};
/* End PBXTargetDependency section */

/* Begin PBXVariantGroup section */
		84F290C51D22084600061A8B /* Main.storyboard */ = {
			isa = PBXVariantGroup;
			children = (
				84F290C61D22084600061A8B /* Base */,
			);
			name = Main.storyboard;
			sourceTree = "<group>";
		};
		84F290CA1D22084600061A8B /* LaunchScreen.storyboard */ = {
			isa = PBXVariantGroup;
			children = (
				84F290CB1D22084600061A8B /* Base */,
			);
			name = LaunchScreen.storyboard;
			sourceTree = "<group>";
		};
/* End PBXVariantGroup section */

/* Begin XCBuildConfiguration section */
		84F290E41D22084700061A8B /* Debug */ = {
			isa = XCBuildConfiguration;
			buildSettings = {
				ALWAYS_SEARCH_USER_PATHS = NO;
				CLANG_ANALYZER_NONNULL = YES;
				CLANG_CXX_LANGUAGE_STANDARD = "gnu++0x";
				CLANG_CXX_LIBRARY = "libc++";
				CLANG_ENABLE_MODULES = YES;
				CLANG_ENABLE_OBJC_ARC = YES;
				CLANG_WARN_BOOL_CONVERSION = YES;
				CLANG_WARN_CONSTANT_CONVERSION = YES;
				CLANG_WARN_DIRECT_OBJC_ISA_USAGE = YES_ERROR;
				CLANG_WARN_EMPTY_BODY = YES;
				CLANG_WARN_ENUM_CONVERSION = YES;
				CLANG_WARN_INT_CONVERSION = YES;
				CLANG_WARN_OBJC_ROOT_CLASS = YES_ERROR;
				CLANG_WARN_UNREACHABLE_CODE = YES;
				CLANG_WARN__DUPLICATE_METHOD_MATCH = YES;
				"CODE_SIGN_IDENTITY[sdk=iphoneos*]" = "iPhone Developer";
				COPY_PHASE_STRIP = NO;
				DEBUG_INFORMATION_FORMAT = dwarf;
				ENABLE_STRICT_OBJC_MSGSEND = YES;
				ENABLE_TESTABILITY = YES;
				GCC_C_LANGUAGE_STANDARD = gnu99;
				GCC_DYNAMIC_NO_PIC = NO;
				GCC_NO_COMMON_BLOCKS = YES;
				GCC_OPTIMIZATION_LEVEL = 0;
				GCC_PREPROCESSOR_DEFINITIONS = (
					"DEBUG=1",
					"$(inherited)",
				);
				GCC_WARN_64_TO_32_BIT_CONVERSION = YES;
				GCC_WARN_ABOUT_RETURN_TYPE = YES_ERROR;
				GCC_WARN_UNDECLARED_SELECTOR = YES;
				GCC_WARN_UNINITIALIZED_AUTOS = YES_AGGRESSIVE;
				GCC_WARN_UNUSED_FUNCTION = YES;
				GCC_WARN_UNUSED_VARIABLE = YES;
				IPHONEOS_DEPLOYMENT_TARGET = 9.3;
				MTL_ENABLE_DEBUG_INFO = YES;
				ONLY_ACTIVE_ARCH = YES;
				SDKROOT = iphoneos;
				TARGETED_DEVICE_FAMILY = "1,2";
			};
			name = Debug;
		};
		84F290E51D22084700061A8B /* Release */ = {
			isa = XCBuildConfiguration;
			buildSettings = {
				ALWAYS_SEARCH_USER_PATHS = NO;
				CLANG_ANALYZER_NONNULL = YES;
				CLANG_CXX_LANGUAGE_STANDARD = "gnu++0x";
				CLANG_CXX_LIBRARY = "libc++";
				CLANG_ENABLE_MODULES = YES;
				CLANG_ENABLE_OBJC_ARC = YES;
				CLANG_WARN_BOOL_CONVERSION = YES;
				CLANG_WARN_CONSTANT_CONVERSION = YES;
				CLANG_WARN_DIRECT_OBJC_ISA_USAGE = YES_ERROR;
				CLANG_WARN_EMPTY_BODY = YES;
				CLANG_WARN_ENUM_CONVERSION = YES;
				CLANG_WARN_INT_CONVERSION = YES;
				CLANG_WARN_OBJC_ROOT_CLASS = YES_ERROR;
				CLANG_WARN_UNREACHABLE_CODE = YES;
				CLANG_WARN__DUPLICATE_METHOD_MATCH = YES;
				"CODE_SIGN_IDENTITY[sdk=iphoneos*]" = "iPhone Developer";
				COPY_PHASE_STRIP = NO;
				DEBUG_INFORMATION_FORMAT = "dwarf-with-dsym";
				ENABLE_NS_ASSERTIONS = NO;
				ENABLE_STRICT_OBJC_MSGSEND = YES;
				GCC_C_LANGUAGE_STANDARD = gnu99;
				GCC_NO_COMMON_BLOCKS = YES;
				GCC_WARN_64_TO_32_BIT_CONVERSION = YES;
				GCC_WARN_ABOUT_RETURN_TYPE = YES_ERROR;
				GCC_WARN_UNDECLARED_SELECTOR = YES;
				GCC_WARN_UNINITIALIZED_AUTOS = YES_AGGRESSIVE;
				GCC_WARN_UNUSED_FUNCTION = YES;
				GCC_WARN_UNUSED_VARIABLE = YES;
				IPHONEOS_DEPLOYMENT_TARGET = 9.3;
				MTL_ENABLE_DEBUG_INFO = NO;
				SDKROOT = iphoneos;
				TARGETED_DEVICE_FAMILY = "1,2";
				VALIDATE_PRODUCT = YES;
			};
			name = Release;
		};
		84F290E71D22084700061A8B /* Debug */ = {
			isa = XCBuildConfiguration;
			buildSettings = {
				ASSETCATALOG_COMPILER_APPICON_NAME = AppIcon;
				INFOPLIST_FILE = "转/Info.plist";
				LD_RUNPATH_SEARCH_PATHS = "$(inherited) @executable_path/Frameworks";
				PRODUCT_BUNDLE_IDENTIFIER = "LaiCunBa.-";
				PRODUCT_NAME = "$(TARGET_NAME)";
			};
			name = Debug;
		};
		84F290E81D22084700061A8B /* Release */ = {
			isa = XCBuildConfiguration;
			buildSettings = {
				ASSETCATALOG_COMPILER_APPICON_NAME = AppIcon;
				INFOPLIST_FILE = "转/Info.plist";
				LD_RUNPATH_SEARCH_PATHS = "$(inherited) @executable_path/Frameworks";
				PRODUCT_BUNDLE_IDENTIFIER = "LaiCunBa.-";
				PRODUCT_NAME = "$(TARGET_NAME)";
			};
			name = Release;
		};
		84F290EA1D22084700061A8B /* Debug */ = {
			isa = XCBuildConfiguration;
			buildSettings = {
				BUNDLE_LOADER = "$(TEST_HOST)";
				INFOPLIST_FILE = "转Tests/Info.plist";
				LD_RUNPATH_SEARCH_PATHS = "$(inherited) @executable_path/Frameworks @loader_path/Frameworks";
				PRODUCT_BUNDLE_IDENTIFIER = "LaiCunBa.-Tests";
				PRODUCT_NAME = "$(TARGET_NAME)";
				TEST_HOST = "$(BUILT_PRODUCTS_DIR)/转.app/转";
			};
			name = Debug;
		};
		84F290EB1D22084700061A8B /* Release */ = {
			isa = XCBuildConfiguration;
			buildSettings = {
				BUNDLE_LOADER = "$(TEST_HOST)";
				INFOPLIST_FILE = "转Tests/Info.plist";
				LD_RUNPATH_SEARCH_PATHS = "$(inherited) @executable_path/Frameworks @loader_path/Frameworks";
				PRODUCT_BUNDLE_IDENTIFIER = "LaiCunBa.-Tests";
				PRODUCT_NAME = "$(TARGET_NAME)";
				TEST_HOST = "$(BUILT_PRODUCTS_DIR)/转.app/转";
			};
			name = Release;
		};
		84F290ED1D22084700061A8B /* Debug */ = {
			isa = XCBuildConfiguration;
			buildSettings = {
				INFOPLIST_FILE = "转UITests/Info.plist";
				LD_RUNPATH_SEARCH_PATHS = "$(inherited) @executable_path/Frameworks @loader_path/Frameworks";
				PRODUCT_BUNDLE_IDENTIFIER = "LaiCunBa.-UITests";
				PRODUCT_NAME = "$(TARGET_NAME)";
				TEST_TARGET_NAME = "转";
			};
			name = Debug;
		};
		84F290EE1D22084700061A8B /* Release */ = {
			isa = XCBuildConfiguration;
			buildSettings = {
				INFOPLIST_FILE = "转UITests/Info.plist";
				LD_RUNPATH_SEARCH_PATHS = "$(inherited) @executable_path/Frameworks @loader_path/Frameworks";
				PRODUCT_BUNDLE_IDENTIFIER = "LaiCunBa.-UITests";
				PRODUCT_NAME = "$(TARGET_NAME)";
				TEST_TARGET_NAME = "转";
			};
			name = Release;
		};
/* End XCBuildConfiguration section */

/* Begin XCConfigurationList section */
		84F290B41D22084600061A8B /* Build configuration list for PBXProject "转" */ = {
			isa = XCConfigurationList;
			buildConfigurations = (
				84F290E41D22084700061A8B /* Debug */,
				84F290E51D22084700061A8B /* Release */,
			);
			defaultConfigurationIsVisible = 0;
			defaultConfigurationName = Release;
		};
		84F290E61D22084700061A8B /* Build configuration list for PBXNativeTarget "转" */ = {
			isa = XCConfigurationList;
			buildConfigurations = (
				84F290E71D22084700061A8B /* Debug */,
				84F290E81D22084700061A8B /* Release */,
			);
			defaultConfigurationIsVisible = 0;
			defaultConfigurationName = Release;
		};
		84F290E91D22084700061A8B /* Build configuration list for PBXNativeTarget "转Tests" */ = {
			isa = XCConfigurationList;
			buildConfigurations = (
				84F290EA1D22084700061A8B /* Debug */,
				84F290EB1D22084700061A8B /* Release */,
			);
			defaultConfigurationIsVisible = 0;
			defaultConfigurationName = Release;
		};
		84F290EC1D22084700061A8B /* Build configuration list for PBXNativeTarget "转UITests" */ = {
			isa = XCConfigurationList;
			buildConfigurations = (
				84F290ED1D22084700061A8B /* Debug */,
				84F290EE1D22084700061A8B /* Release */,
			);
			defaultConfigurationIsVisible = 0;
			defaultConfigurationName = Release;
		};
/* End XCConfigurationList section */
	};
	rootObject = 84F290B11D22084600061A8B /* Project object */;
}
